
Microsoft Visual Studio Solution File, Format Version 12.00
# Visual Studio Version 16
VisualStudioVersion = 16.0.30711.63
MinimumVisualStudioVersion = 10.0.40219.1
Project("{FAE04EC0-301F-11D3-BF4B-00C04F79EFBC}") = "ServiceRest_20180140099_Arga Aprilian Putra Jaya", "ServiceRest_20180140099_Arga Aprilian Putra Jaya\ServiceRest_20180140099_Arga Aprilian Putra Jaya.csproj", "{0FA336DD-3064-42B9-8C51-69773EAB916D}"
EndProject
Global
	GlobalSection(SolutionConfigurationPlatforms) = preSolution
		Debug|Any CPU = Debug|Any CPU
		Release|Any CPU = Release|Any CPU
	EndGlobalSection
	GlobalSection(ProjectConfigurationPlatforms) = postSolution
		{0FA336DD-3064-42B9-8C51-69773EAB916D}.Debug|Any CPU.ActiveCfg = Debug|Any CPU
		{0FA336DD-3064-42B9-8C51-69773EAB916D}.Debug|Any CPU.Build.0 = Debug|Any CPU
		{0FA336DD-3064-42B9-8C51-69773EAB916D}.Release|Any CPU.ActiveCfg = Release|Any CPU
		{0FA336DD-3064-42B9-8C51-69773EAB916D}.Release|Any CPU.Build.0 = Release|Any CPU
	EndGlobalSection
	GlobalSection(SolutionProperties) = preSolution
		HideSolutionNode = FALSE
	EndGlobalSection
	GlobalSection(ExtensibilityGlobals) = postSolution
		SolutionGuid = {C98D90A0-8500-46F1-A3A6-3C831CBCC0ED}
	EndGlobalSection
EndGlobal
